
Microsoft Visual Studio Solution File, Format Version 12.00
# Visual Studio 15
VisualStudioVersion = 15.0.28307.421
MinimumVisualStudioVersion = 10.0.40219.1
Project("{FAE04EC0-301F-11D3-BF4B-00C04F79EFBC}") = "Core", "Core\Core.csproj", "{DF657175-EA85-4E99-9F99-3197E8B20919}"
EndProject
Project("{FAE04EC0-301F-11D3-BF4B-00C04F79EFBC}") = "Core.Tests", "Core.Tests\Core.Tests.csproj", "{589A6DDC-B255-4509-81AD-0E27A7F92599}"
EndProject
Project("{FAE04EC0-301F-11D3-BF4B-00C04F79EFBC}") = "STALExample", "STALExample\STALExample.csproj", "{6ED2927F-C14A-4F8D-A928-5C01A1B56FDC}"
EndProject
Global
	GlobalSection(SolutionConfigurationPlatforms) = preSolution
		Debug|Any CPU = Debug|Any CPU
		Release|Any CPU = Release|Any CPU
	EndGlobalSection
	GlobalSection(ProjectConfigurationPlatforms) = postSolution
		{DF657175-EA85-4E99-9F99-3197E8B20919}.Debug|Any CPU.ActiveCfg = Debug|Any CPU
		{DF657175-EA85-4E99-9F99-3197E8B20919}.Debug|Any CPU.Build.0 = Debug|Any CPU
		{DF657175-EA85-4E99-9F99-3197E8B20919}.Release|Any CPU.ActiveCfg = Release|Any CPU
		{DF657175-EA85-4E99-9F99-3197E8B20919}.Release|Any CPU.Build.0 = Release|Any CPU
		{589A6DDC-B255-4509-81AD-0E27A7F92599}.Debug|Any CPU.ActiveCfg = Debug|Any CPU
		{589A6DDC-B255-4509-81AD-0E27A7F92599}.Debug|Any CPU.Build.0 = Debug|Any CPU
		{589A6DDC-B255-4509-81AD-0E27A7F92599}.Release|Any CPU.ActiveCfg = Release|Any CPU
		{589A6DDC-B255-4509-81AD-0E27A7F92599}.Release|Any CPU.Build.0 = Release|Any CPU
		{6ED2927F-C14A-4F8D-A928-5C01A1B56FDC}.Debug|Any CPU.ActiveCfg = Debug|Any CPU
		{6ED2927F-C14A-4F8D-A928-5C01A1B56FDC}.Debug|Any CPU.Build.0 = Debug|Any CPU
		{6ED2927F-C14A-4F8D-A928-5C01A1B56FDC}.Release|Any CPU.ActiveCfg = Release|Any CPU
		{6ED2927F-C14A-4F8D-A928-5C01A1B56FDC}.Release|Any CPU.Build.0 = Release|Any CPU
	EndGlobalSection
	GlobalSection(SolutionProperties) = preSolution
		HideSolutionNode = FALSE
	EndGlobalSection
	GlobalSection(ExtensibilityGlobals) = postSolution
		SolutionGuid = {847B570A-6F56-4A46-8C42-A9DF49826575}
	EndGlobalSection
EndGlobal
